// !$*UTF8*$!
{
	archiveVersion = 1;
	classes = {
	};
	objectVersion = 46;
	objects = {

/* Begin PBXBuildFile section */
		248086AA15EF4B520007B1EC /* UIKit.framework in Frameworks */ = {isa = PBXBuildFile; fileRef = 248086A915EF4B520007B1EC /* UIKit.framework */; };
		248086AC15EF4B520007B1EC /* Foundation.framework in Frameworks */ = {isa = PBXBuildFile; fileRef = 248086AB15EF4B520007B1EC /* Foundation.framework */; };
		248086AE15EF4B520007B1EC /* CoreGraphics.framework in Frameworks */ = {isa = PBXBuildFile; fileRef = 248086AD15EF4B520007B1EC /* CoreGraphics.framework */; };
		248086B415EF4B520007B1EC /* InfoPlist.strings in Resources */ = {isa = PBXBuildFile; fileRef = 248086B215EF4B520007B1EC /* InfoPlist.strings */; };
		248086B615EF4B520007B1EC /* main.m in Sources */ = {isa = PBXBuildFile; fileRef = 248086B515EF4B520007B1EC /* main.m */; };
		248086BA15EF4B520007B1EC /* AppDelegate.m in Sources */ = {isa = PBXBuildFile; fileRef = 248086B915EF4B520007B1EC /* AppDelegate.m */; };
		248086BD15EF4B520007B1EC /* ViewController.m in Sources */ = {isa = PBXBuildFile; fileRef = 248086BC15EF4B520007B1EC /* ViewController.m */; };
		248086C015EF4B520007B1EC /* ViewController.xib in Resources */ = {isa = PBXBuildFile; fileRef = 248086BE15EF4B520007B1EC /* ViewController.xib */; };
/* End PBXBuildFile section */

/* Begin PBXFileReference section */
		248086A515EF4B520007B1EC /* 8.30-douban.app */ = {isa = PBXFileReference; explicitFileType = wrapper.application; includeInIndex = 0; path = "8.30-douban.app"; sourceTree = BUILT_PRODUCTS_DIR; };
		248086A915EF4B520007B1EC /* UIKit.framework */ = {isa = PBXFileReference; lastKnownFileType = wrapper.framework; name = UIKit.framework; path = System/Library/Frameworks/UIKit.framework; sourceTree = SDKROOT; };
		248086AB15EF4B520007B1EC /* Foundation.framework */ = {isa = PBXFileReference; lastKnownFileType = wrapper.framework; name = Foundation.framework; path = System/Library/Frameworks/Foundation.framework; sourceTree = SDKROOT; };
		248086AD15EF4B520007B1EC /* CoreGraphics.framework */ = {isa = PBXFileReference; lastKnownFileType = wrapper.framework; name = CoreGraphics.framework; path = System/Library/Frameworks/CoreGraphics.framework; sourceTree = SDKROOT; };
		248086B115EF4B520007B1EC /* 8.30-douban-Info.plist */ = {isa = PBXFileReference; path = "8.30-douban-Info.plist"; sourceTree = "<group>"; };
		248086B315EF4B520007B1EC /* en */ = {isa = PBXFileReference; lastKnownFileType = text.plist.strings; name = en; path = en.lproj/InfoPlist.strings; sourceTree = "<group>"; };
		248086B515EF4B520007B1EC /* main.m */ = {isa = PBXFileReference; lastKnownFileType = sourcecode.c.objc; path = main.m; sourceTree = "<group>"; };
		248086B715EF4B520007B1EC /* 8.30-douban-Prefix.pch */ = {isa = PBXFileReference; path = "8.30-douban-Prefix.pch"; sourceTree = "<group>"; };
		248086B815EF4B520007B1EC /* AppDelegate.h */ = {isa = PBXFileReference; path = AppDelegate.h; sourceTree = "<group>"; };
		248086B915EF4B520007B1EC /* AppDelegate.m */ = {isa = PBXFileReference; lastKnownFileType = sourcecode.c.objc; path = AppDelegate.m; sourceTree = "<group>"; };
		248086BB15EF4B520007B1EC /* ViewController.h */ = {isa = PBXFileReference; path = ViewController.h; sourceTree = "<group>"; };
		248086BC15EF4B520007B1EC /* ViewController.m */ = {isa = PBXFileReference; lastKnownFileType = sourcecode.c.objc; path = ViewController.m; sourceTree = "<group>"; };
		248086BF15EF4B520007B1EC /* en */ = {isa = PBXFileReference; lastKnownFileType = file.xib; name = en; path = en.lproj/ViewController.xib; sourceTree = "<group>"; };
/* End PBXFileReference section */

/* Begin PBXFrameworksBuildPhase section */
		248086A215EF4B520007B1EC /* Frameworks */ = {
			isa = PBXFrameworksBuildPhase;
			buildActionMask = 2147483647;
			files = (
				248086AA15EF4B520007B1EC /* UIKit.framework in Frameworks */,
				248086AC15EF4B520007B1EC /* Foundation.framework in Frameworks */,
				248086AE15EF4B520007B1EC /* CoreGraphics.framework in Frameworks */,
			);
			runOnlyForDeploymentPostprocessing = 0;
		};
/* End PBXFrameworksBuildPhase section */

/* Begin PBXGroup section */
		2480869A15EF4B520007B1EC = {
			isa = PBXGroup;
			children = (
				248086AF15EF4B520007B1EC /* 8.30-douban */,
				248086A815EF4B520007B1EC /* Frameworks */,
				248086A615EF4B520007B1EC /* Products */,
			);
			sourceTree = "<group>";
		};
		248086A615EF4B520007B1EC /* Products */ = {
			isa = PBXGroup;
			children = (
				248086A515EF4B520007B1EC /* 8.30-douban.app */,
			);
			name = Products;
			sourceTree = "<group>";
		};
		248086A815EF4B520007B1EC /* Frameworks */ = {
			isa = PBXGroup;
			children = (
				248086A915EF4B520007B1EC /* UIKit.framework */,
				248086AB15EF4B520007B1EC /* Foundation.framework */,
				248086AD15EF4B520007B1EC /* CoreGraphics.framework */,
			);
			name = Frameworks;
			sourceTree = "<group>";
		};
		248086AF15EF4B520007B1EC /* 8.30-douban */ = {
			isa = PBXGroup;
			children = (
				248086B815EF4B520007B1EC /* AppDelegate.h */,
				248086B915EF4B520007B1EC /* AppDelegate.m */,
				248086BB15EF4B520007B1EC /* ViewController.h */,
				248086BC15EF4B520007B1EC /* ViewController.m */,
				248086BE15EF4B520007B1EC /* ViewController.xib */,
				248086B015EF4B520007B1EC /* Supporting Files */,
			);
			path = "8.30-douban";
			sourceTree = "<group>";
		};
		248086B015EF4B520007B1EC /* Supporting Files */ = {
			isa = PBXGroup;
			children = (
				248086B115EF4B520007B1EC /* 8.30-douban-Info.plist */,
				248086B215EF4B520007B1EC /* InfoPlist.strings */,
				248086B515EF4B520007B1EC /* main.m */,
				248086B715EF4B520007B1EC /* 8.30-douban-Prefix.pch */,
			);
			name = "Supporting Files";
			sourceTree = "<group>";
		};
/* End PBXGroup section */

/* Begin PBXNativeTarget section */
		248086A415EF4B520007B1EC /* 8.30-douban */ = {
			isa = PBXNativeTarget;
			buildConfigurationList = 248086C315EF4B520007B1EC /* Build configuration list for PBXNativeTarget "8.30-douban" */;
			buildPhases = (
				248086A115EF4B520007B1EC /* Sources */,
				248086A215EF4B520007B1EC /* Frameworks */,
				248086A315EF4B520007B1EC /* Resources */,
			);
			buildRules = (
			);
			dependencies = (
			);
			name = "8.30-douban";
			productName = "8.30-douban";
			productReference = 248086A515EF4B520007B1EC /* 8.30-douban.app */;
			productType = "com.apple.product-type.application";
		};
/* End PBXNativeTarget section */

/* Begin PBXProject section */
		2480869C15EF4B520007B1EC /* Project object */ = {
			isa = PBXProject;
			attributes = {
				LastUpgradeCheck = 0430;
			};
			buildConfigurationList = 2480869F15EF4B520007B1EC /* Build configuration list for PBXProject "8.30-douban" */;
			compatibilityVersion = "Xcode 3.2";
			developmentRegion = English;
			hasScannedForEncodings = 0;
			knownRegions = (
				en,
			);
			mainGroup = 2480869A15EF4B520007B1EC;
			productRefGroup = 248086A615EF4B520007B1EC /* Products */;
			projectDirPath = "";
			projectRoot = "";
			targets = (
				248086A415EF4B520007B1EC /* 8.30-douban */,
			);
		};
/* End PBXProject section */

/* Begin PBXResourcesBuildPhase section */
		248086A315EF4B520007B1EC /* Resources */ = {
			isa = PBXResourcesBuildPhase;
			buildActionMask = 2147483647;
			files = (
				248086B415EF4B520007B1EC /* InfoPlist.strings in Resources */,
				248086C015EF4B520007B1EC /* ViewController.xib in Resources */,
			);
			runOnlyForDeploymentPostprocessing = 0;
		};
/* End PBXResourcesBuildPhase section */

/* Begin PBXSourcesBuildPhase section */
		248086A115EF4B520007B1EC /* Sources */ = {
			isa = PBXSourcesBuildPhase;
			buildActionMask = 2147483647;
			files = (
				248086B615EF4B520007B1EC /* main.m in Sources */,
				248086BA15EF4B520007B1EC /* AppDelegate.m in Sources */,
				248086BD15EF4B520007B1EC /* ViewController.m in Sources */,
			);
			runOnlyForDeploymentPostprocessing = 0;
		};
/* End PBXSourcesBuildPhase section */

/* Begin PBXVariantGroup section */
		248086B215EF4B520007B1EC /* InfoPlist.strings */ = {
			isa = PBXVariantGroup;
			children = (
				248086B315EF4B520007B1EC /* en */,
			);
			name = InfoPlist.strings;
			sourceTree = "<group>";
		};
		248086BE15EF4B520007B1EC /* ViewController.xib */ = {
			isa = PBXVariantGroup;
			children = (
				248086BF15EF4B520007B1EC /* en */,
			);
			name = ViewController.xib;
			sourceTree = "<group>";
		};
/* End PBXVariantGroup section */

/* Begin XCBuildConfiguration section */
		248086C115EF4B520007B1EC /* Debug */ = {
			isa = XCBuildConfiguration;
			buildSettings = {
				ALWAYS_SEARCH_USER_PATHS = NO;
				ARCHS = "$(ARCHS_STANDARD_32_BIT)";
				"CODE_SIGN_IDENTITY[sdk=iphoneos*]" = "iPhone Developer";
				COPY_PHASE_STRIP = NO;
				GCC_C_LANGUAGE_STANDARD = gnu99;
				GCC_DYNAMIC_NO_PIC = NO;
				GCC_OPTIMIZATION_LEVEL = 0;
				GCC_PREPROCESSOR_DEFINITIONS = (
					"DEBUG=1",
					"$(inherited)",
				);
				GCC_SYMBOLS_PRIVATE_EXTERN = NO;
				GCC_VERSION = com.apple.compilers.llvm.clang.1_0;
				GCC_WARN_ABOUT_RETURN_TYPE = YES;
				GCC_WARN_UNINITIALIZED_AUTOS = YES;
				GCC_WARN_UNUSED_VARIABLE = YES;
				IPHONEOS_DEPLOYMENT_TARGET = 5.1;
				SDKROOT = iphoneos;
			};
			name = Debug;
		};
		248086C215EF4B520007B1EC /* Release */ = {
			isa = XCBuildConfiguration;
			buildSettings = {
				ALWAYS_SEARCH_USER_PATHS = NO;
				ARCHS = "$(ARCHS_STANDARD_32_BIT)";
				"CODE_SIGN_IDENTITY[sdk=iphoneos*]" = "iPhone Developer";
				COPY_PHASE_STRIP = YES;
				GCC_C_LANGUAGE_STANDARD = gnu99;
				GCC_VERSION = com.apple.compilers.llvm.clang.1_0;
				GCC_WARN_ABOUT_RETURN_TYPE = YES;
				GCC_WARN_UNINITIALIZED_AUTOS = YES;
				GCC_WARN_UNUSED_VARIABLE = YES;
				IPHONEOS_DEPLOYMENT_TARGET = 5.1;
				OTHER_CFLAGS = "-DNS_BLOCK_ASSERTIONS=1";
				SDKROOT = iphoneos;
				VALIDATE_PRODUCT = YES;
			};
			name = Release;
		};
		248086C415EF4B520007B1EC /* Debug */ = {
			isa = XCBuildConfiguration;
			buildSettings = {
				GCC_PRECOMPILE_PREFIX_HEADER = YES;
				GCC_PREFIX_HEADER = "8.30-douban/8.30-douban-Prefix.pch";
				INFOPLIST_FILE = "8.30-douban/8.30-douban-Info.plist";
				PRODUCT_NAME = "$(TARGET_NAME)";
				WRAPPER_EXTENSION = app;
			};
			name = Debug;
		};
		248086C515EF4B520007B1EC /* Release */ = {
			isa = XCBuildConfiguration;
			buildSettings = {
				GCC_PRECOMPILE_PREFIX_HEADER = YES;
				GCC_PREFIX_HEADER = "8.30-douban/8.30-douban-Prefix.pch";
				INFOPLIST_FILE = "8.30-douban/8.30-douban-Info.plist";
				PRODUCT_NAME = "$(TARGET_NAME)";
				WRAPPER_EXTENSION = app;
			};
			name = Release;
		};
/* End XCBuildConfiguration section */

/* Begin XCConfigurationList section */
		2480869F15EF4B520007B1EC /* Build configuration list for PBXProject "8.30-douban" */ = {
			isa = XCConfigurationList;
			buildConfigurations = (
				248086C115EF4B520007B1EC /* Debug */,
				248086C215EF4B520007B1EC /* Release */,
			);
			defaultConfigurationIsVisible = 0;
			defaultConfigurationName = Release;
		};
		248086C315EF4B520007B1EC /* Build configuration list for PBXNativeTarget "8.30-douban" */ = {
			isa = XCConfigurationList;
			buildConfigurations = (
				248086C415EF4B520007B1EC /* Debug */,
				248086C515EF4B520007B1EC /* Release */,
			);
			defaultConfigurationIsVisible = 0;
		};
/* End XCConfigurationList section */
	};
	rootObject = 2480869C15EF4B520007B1EC /* Project object */;
}
